
Microsoft Visual Studio Solution File, Format Version 12.00
# Visual Studio 14
VisualStudioVersion = 14.0.25420.1
MinimumVisualStudioVersion = 10.0.40219.1
Project("{D954291E-2A0B-460D-934E-DC6B0785DB48}") = "sample1", "sample1\sample1\sample1.shproj", "{0733B42F-2A4E-4232-BC78-13B6087A3C96}"
EndProject
Project("{FAE04EC0-301F-11D3-BF4B-00C04F79EFBC}") = "sample1.Droid", "sample1\sample1.Droid\sample1.Droid.csproj", "{4B7E660F-B839-4720-AE08-A9BDD42A3374}"
EndProject
Project("{FAE04EC0-301F-11D3-BF4B-00C04F79EFBC}") = "sample1.iOS", "sample1\sample1.iOS\sample1.iOS.csproj", "{BF71E360-8D7B-4104-A56F-C53FB225AE70}"
EndProject
Project("{FAE04EC0-301F-11D3-BF4B-00C04F79EFBC}") = "sample1.WinPhone", "sample1\sample1.WinPhone\sample1.WinPhone.csproj", "{A3B0098B-A771-4ACA-B69E-D7C6F80BDEFC}"
EndProject
Project("{FAE04EC0-301F-11D3-BF4B-00C04F79EFBC}") = "sample1.UWP", "sample1\sample1.UWP\sample1.UWP.csproj", "{629CE078-5605-45B7-9665-8323A4931F34}"
EndProject
Project("{FAE04EC0-301F-11D3-BF4B-00C04F79EFBC}") = "sample1.Windows", "sample1\sample1.Windows\sample1.Windows.csproj", "{4C8915F4-1782-4BD5-A303-FEA73A28B5EE}"
EndProject
Global
	GlobalSection(SharedMSBuildProjectFiles) = preSolution
		sample1\sample1\sample1.projitems*{0733b42f-2a4e-4232-bc78-13b6087a3c96}*SharedItemsImports = 13
		sample1\sample1\sample1.projitems*{4b7e660f-b839-4720-ae08-a9bdd42a3374}*SharedItemsImports = 4
		sample1\sample1\sample1.projitems*{bf71e360-8d7b-4104-a56f-c53fb225ae70}*SharedItemsImports = 4
	EndGlobalSection
	GlobalSection(SolutionConfigurationPlatforms) = preSolution
		Ad-Hoc|Any CPU = Ad-Hoc|Any CPU
		Ad-Hoc|ARM = Ad-Hoc|ARM
		Ad-Hoc|iPhone = Ad-Hoc|iPhone
		Ad-Hoc|iPhoneSimulator = Ad-Hoc|iPhoneSimulator
		Ad-Hoc|x64 = Ad-Hoc|x64
		Ad-Hoc|x86 = Ad-Hoc|x86
		AppStore|Any CPU = AppStore|Any CPU
		AppStore|ARM = AppStore|ARM
		AppStore|iPhone = AppStore|iPhone
		AppStore|iPhoneSimulator = AppStore|iPhoneSimulator
		AppStore|x64 = AppStore|x64
		AppStore|x86 = AppStore|x86
		Debug|Any CPU = Debug|Any CPU
		Debug|ARM = Debug|ARM
		Debug|iPhone = Debug|iPhone
		Debug|iPhoneSimulator = Debug|iPhoneSimulator
		Debug|x64 = Debug|x64
		Debug|x86 = Debug|x86
		Release|Any CPU = Release|Any CPU
		Release|ARM = Release|ARM
		Release|iPhone = Release|iPhone
		Release|iPhoneSimulator = Release|iPhoneSimulator
		Release|x64 = Release|x64
		Release|x86 = Release|x86
	EndGlobalSection
	GlobalSection(ProjectConfigurationPlatforms) = postSolution
		{4B7E660F-B839-4720-AE08-A9BDD42A3374}.Ad-Hoc|Any CPU.ActiveCfg = Release|Any CPU
		{4B7E660F-B839-4720-AE08-A9BDD42A3374}.Ad-Hoc|Any CPU.Build.0 = Release|Any CPU
		{4B7E660F-B839-4720-AE08-A9BDD42A3374}.Ad-Hoc|Any CPU.Deploy.0 = Release|Any CPU
		{4B7E660F-B839-4720-AE08-A9BDD42A3374}.Ad-Hoc|ARM.ActiveCfg = Release|Any CPU
		{4B7E660F-B839-4720-AE08-A9BDD42A3374}.Ad-Hoc|ARM.Build.0 = Release|Any CPU
		{4B7E660F-B839-4720-AE08-A9BDD42A3374}.Ad-Hoc|ARM.Deploy.0 = Release|Any CPU
		{4B7E660F-B839-4720-AE08-A9BDD42A3374}.Ad-Hoc|iPhone.ActiveCfg = Release|Any CPU
		{4B7E660F-B839-4720-AE08-A9BDD42A3374}.Ad-Hoc|iPhone.Build.0 = Release|Any CPU
		{4B7E660F-B839-4720-AE08-A9BDD42A3374}.Ad-Hoc|iPhone.Deploy.0 = Release|Any CPU
		{4B7E660F-B839-4720-AE08-A9BDD42A3374}.Ad-Hoc|iPhoneSimulator.ActiveCfg = Release|Any CPU
		{4B7E660F-B839-4720-AE08-A9BDD42A3374}.Ad-Hoc|iPhoneSimulator.Build.0 = Release|Any CPU
		{4B7E660F-B839-4720-AE08-A9BDD42A3374}.Ad-Hoc|iPhoneSimulator.Deploy.0 = Release|Any CPU
		{4B7E660F-B839-4720-AE08-A9BDD42A3374}.Ad-Hoc|x64.ActiveCfg = Release|Any CPU
		{4B7E660F-B839-4720-AE08-A9BDD42A3374}.Ad-Hoc|x64.Build.0 = Release|Any CPU
		{4B7E660F-B839-4720-AE08-A9BDD42A3374}.Ad-Hoc|x64.Deploy.0 = Release|Any CPU
		{4B7E660F-B839-4720-AE08-A9BDD42A3374}.Ad-Hoc|x86.ActiveCfg = Release|Any CPU
		{4B7E660F-B839-4720-AE08-A9BDD42A3374}.Ad-Hoc|x86.Build.0 = Release|Any CPU
		{4B7E660F-B839-4720-AE08-A9BDD42A3374}.Ad-Hoc|x86.Deploy.0 = Release|Any CPU
		{4B7E660F-B839-4720-AE08-A9BDD42A3374}.AppStore|Any CPU.ActiveCfg = Release|Any CPU
		{4B7E660F-B839-4720-AE08-A9BDD42A3374}.AppStore|Any CPU.Build.0 = Release|Any CPU
		{4B7E660F-B839-4720-AE08-A9BDD42A3374}.AppStore|Any CPU.Deploy.0 = Release|Any CPU
		{4B7E660F-B839-4720-AE08-A9BDD42A3374}.AppStore|ARM.ActiveCfg = Release|Any CPU
		{4B7E660F-B839-4720-AE08-A9BDD42A3374}.AppStore|ARM.Build.0 = Release|Any CPU
		{4B7E660F-B839-4720-AE08-A9BDD42A3374}.AppStore|ARM.Deploy.0 = Release|Any CPU
		{4B7E660F-B839-4720-AE08-A9BDD42A3374}.AppStore|iPhone.ActiveCfg = Release|Any CPU
		{4B7E660F-B839-4720-AE08-A9BDD42A3374}.AppStore|iPhone.Build.0 = Release|Any CPU
		{4B7E660F-B839-4720-AE08-A9BDD42A3374}.AppStore|iPhone.Deploy.0 = Release|Any CPU
		{4B7E660F-B839-4720-AE08-A9BDD42A3374}.AppStore|iPhoneSimulator.ActiveCfg = Release|Any CPU
		{4B7E660F-B839-4720-AE08-A9BDD42A3374}.AppStore|iPhoneSimulator.Build.0 = Release|Any CPU
		{4B7E660F-B839-4720-AE08-A9BDD42A3374}.AppStore|iPhoneSimulator.Deploy.0 = Release|Any CPU
		{4B7E660F-B839-4720-AE08-A9BDD42A3374}.AppStore|x64.ActiveCfg = Release|Any CPU
		{4B7E660F-B839-4720-AE08-A9BDD42A3374}.AppStore|x64.Build.0 = Release|Any CPU
		{4B7E660F-B839-4720-AE08-A9BDD42A3374}.AppStore|x64.Deploy.0 = Release|Any CPU
		{4B7E660F-B839-4720-AE08-A9BDD42A3374}.AppStore|x86.ActiveCfg = Release|Any CPU
		{4B7E660F-B839-4720-AE08-A9BDD42A3374}.AppStore|x86.Build.0 = Release|Any CPU
		{4B7E660F-B839-4720-AE08-A9BDD42A3374}.AppStore|x86.Deploy.0 = Release|Any CPU
		{4B7E660F-B839-4720-AE08-A9BDD42A3374}.Debug|Any CPU.ActiveCfg = Debug|Any CPU
		{4B7E660F-B839-4720-AE08-A9BDD42A3374}.Debug|Any CPU.Build.0 = Debug|Any CPU
		{4B7E660F-B839-4720-AE08-A9BDD42A3374}.Debug|Any CPU.Deploy.0 = Debug|Any CPU
		{4B7E660F-B839-4720-AE08-A9BDD42A3374}.Debug|ARM.ActiveCfg = Debug|Any CPU
		{4B7E660F-B839-4720-AE08-A9BDD42A3374}.Debug|ARM.Build.0 = Debug|Any CPU
		{4B7E660F-B839-4720-AE08-A9BDD42A3374}.Debug|ARM.Deploy.0 = Debug|Any CPU
		{4B7E660F-B839-4720-AE08-A9BDD42A3374}.Debug|iPhone.ActiveCfg = Debug|Any CPU
		{4B7E660F-B839-4720-AE08-A9BDD42A3374}.Debug|iPhone.Build.0 = Debug|Any CPU
		{4B7E660F-B839-4720-AE08-A9BDD42A3374}.Debug|iPhone.Deploy.0 = Debug|Any CPU
		{4B7E660F-B839-4720-AE08-A9BDD42A3374}.Debug|iPhoneSimulator.ActiveCfg = Debug|Any CPU
		{4B7E660F-B839-4720-AE08-A9BDD42A3374}.Debug|iPhoneSimulator.Build.0 = Debug|Any CPU
		{4B7E660F-B839-4720-AE08-A9BDD42A3374}.Debug|iPhoneSimulator.Deploy.0 = Debug|Any CPU
		{4B7E660F-B839-4720-AE08-A9BDD42A3374}.Debug|x64.ActiveCfg = Debug|Any CPU
		{4B7E660F-B839-4720-AE08-A9BDD42A3374}.Debug|x64.Build.0 = Debug|Any CPU
		{4B7E660F-B839-4720-AE08-A9BDD42A3374}.Debug|x64.Deploy.0 = Debug|Any CPU
		{4B7E660F-B839-4720-AE08-A9BDD42A3374}.Debug|x86.ActiveCfg = Debug|Any CPU
		{4B7E660F-B839-4720-AE08-A9BDD42A3374}.Debug|x86.Build.0 = Debug|Any CPU
		{4B7E660F-B839-4720-AE08-A9BDD42A3374}.Debug|x86.Deploy.0 = Debug|Any CPU
		{4B7E660F-B839-4720-AE08-A9BDD42A3374}.Release|Any CPU.ActiveCfg = Release|Any CPU
		{4B7E660F-B839-4720-AE08-A9BDD42A3374}.Release|Any CPU.Build.0 = Release|Any CPU
		{4B7E660F-B839-4720-AE08-A9BDD42A3374}.Release|Any CPU.Deploy.0 = Release|Any CPU
		{4B7E660F-B839-4720-AE08-A9BDD42A3374}.Release|ARM.ActiveCfg = Release|Any CPU
		{4B7E660F-B839-4720-AE08-A9BDD42A3374}.Release|ARM.Build.0 = Release|Any CPU
		{4B7E660F-B839-4720-AE08-A9BDD42A3374}.Release|ARM.Deploy.0 = Release|Any CPU
		{4B7E660F-B839-4720-AE08-A9BDD42A3374}.Release|iPhone.ActiveCfg = Release|Any CPU
		{4B7E660F-B839-4720-AE08-A9BDD42A3374}.Release|iPhone.Build.0 = Release|Any CPU
		{4B7E660F-B839-4720-AE08-A9BDD42A3374}.Release|iPhone.Deploy.0 = Release|Any CPU
		{4B7E660F-B839-4720-AE08-A9BDD42A3374}.Release|iPhoneSimulator.ActiveCfg = Release|Any CPU
		{4B7E660F-B839-4720-AE08-A9BDD42A3374}.Release|iPhoneSimulator.Build.0 = Release|Any CPU
		{4B7E660F-B839-4720-AE08-A9BDD42A3374}.Release|iPhoneSimulator.Deploy.0 = Release|Any CPU
		{4B7E660F-B839-4720-AE08-A9BDD42A3374}.Release|x64.ActiveCfg = Release|Any CPU
		{4B7E660F-B839-4720-AE08-A9BDD42A3374}.Release|x64.Build.0 = Release|Any CPU
		{4B7E660F-B839-4720-AE08-A9BDD42A3374}.Release|x64.Deploy.0 = Release|Any CPU
		{4B7E660F-B839-4720-AE08-A9BDD42A3374}.Release|x86.ActiveCfg = Release|Any CPU
		{4B7E660F-B839-4720-AE08-A9BDD42A3374}.Release|x86.Build.0 = Release|Any CPU
		{4B7E660F-B839-4720-AE08-A9BDD42A3374}.Release|x86.Deploy.0 = Release|Any CPU
		{BF71E360-8D7B-4104-A56F-C53FB225AE70}.Ad-Hoc|Any CPU.ActiveCfg = Ad-Hoc|iPhone
		{BF71E360-8D7B-4104-A56F-C53FB225AE70}.Ad-Hoc|ARM.ActiveCfg = Ad-Hoc|iPhone
		{BF71E360-8D7B-4104-A56F-C53FB225AE70}.Ad-Hoc|iPhone.ActiveCfg = Ad-Hoc|iPhone
		{BF71E360-8D7B-4104-A56F-C53FB225AE70}.Ad-Hoc|iPhone.Build.0 = Ad-Hoc|iPhone
		{BF71E360-8D7B-4104-A56F-C53FB225AE70}.Ad-Hoc|iPhoneSimulator.ActiveCfg = Ad-Hoc|iPhoneSimulator
		{BF71E360-8D7B-4104-A56F-C53FB225AE70}.Ad-Hoc|iPhoneSimulator.Build.0 = Ad-Hoc|iPhoneSimulator
		{BF71E360-8D7B-4104-A56F-C53FB225AE70}.Ad-Hoc|x64.ActiveCfg = Ad-Hoc|iPhone
		{BF71E360-8D7B-4104-A56F-C53FB225AE70}.Ad-Hoc|x86.ActiveCfg = Ad-Hoc|iPhone
		{BF71E360-8D7B-4104-A56F-C53FB225AE70}.AppStore|Any CPU.ActiveCfg = AppStore|iPhone
		{BF71E360-8D7B-4104-A56F-C53FB225AE70}.AppStore|ARM.ActiveCfg = AppStore|iPhone
		{BF71E360-8D7B-4104-A56F-C53FB225AE70}.AppStore|iPhone.ActiveCfg = AppStore|iPhone
		{BF71E360-8D7B-4104-A56F-C53FB225AE70}.AppStore|iPhone.Build.0 = AppStore|iPhone
		{BF71E360-8D7B-4104-A56F-C53FB225AE70}.AppStore|iPhoneSimulator.ActiveCfg = AppStore|iPhoneSimulator
		{BF71E360-8D7B-4104-A56F-C53FB225AE70}.AppStore|iPhoneSimulator.Build.0 = AppStore|iPhoneSimulator
		{BF71E360-8D7B-4104-A56F-C53FB225AE70}.AppStore|x64.ActiveCfg = AppStore|iPhone
		{BF71E360-8D7B-4104-A56F-C53FB225AE70}.AppStore|x86.ActiveCfg = AppStore|iPhone
		{BF71E360-8D7B-4104-A56F-C53FB225AE70}.Debug|Any CPU.ActiveCfg = Debug|iPhone
		{BF71E360-8D7B-4104-A56F-C53FB225AE70}.Debug|ARM.ActiveCfg = Debug|iPhone
		{BF71E360-8D7B-4104-A56F-C53FB225AE70}.Debug|iPhone.ActiveCfg = Debug|iPhone
		{BF71E360-8D7B-4104-A56F-C53FB225AE70}.Debug|iPhone.Build.0 = Debug|iPhone
		{BF71E360-8D7B-4104-A56F-C53FB225AE70}.Debug|iPhoneSimulator.ActiveCfg = Debug|iPhoneSimulator
		{BF71E360-8D7B-4104-A56F-C53FB225AE70}.Debug|iPhoneSimulator.Build.0 = Debug|iPhoneSimulator
		{BF71E360-8D7B-4104-A56F-C53FB225AE70}.Debug|x64.ActiveCfg = Debug|iPhone
		{BF71E360-8D7B-4104-A56F-C53FB225AE70}.Debug|x86.ActiveCfg = Debug|iPhone
		{BF71E360-8D7B-4104-A56F-C53FB225AE70}.Release|Any CPU.ActiveCfg = Release|iPhone
		{BF71E360-8D7B-4104-A56F-C53FB225AE70}.Release|ARM.ActiveCfg = Release|iPhone
		{BF71E360-8D7B-4104-A56F-C53FB225AE70}.Release|iPhone.ActiveCfg = Release|iPhone
		{BF71E360-8D7B-4104-A56F-C53FB225AE70}.Release|iPhone.Build.0 = Release|iPhone
		{BF71E360-8D7B-4104-A56F-C53FB225AE70}.Release|iPhoneSimulator.ActiveCfg = Release|iPhoneSimulator
		{BF71E360-8D7B-4104-A56F-C53FB225AE70}.Release|iPhoneSimulator.Build.0 = Release|iPhoneSimulator
		{BF71E360-8D7B-4104-A56F-C53FB225AE70}.Release|x64.ActiveCfg = Release|iPhone
		{BF71E360-8D7B-4104-A56F-C53FB225AE70}.Release|x86.ActiveCfg = Release|iPhone
		{A3B0098B-A771-4ACA-B69E-D7C6F80BDEFC}.Ad-Hoc|Any CPU.ActiveCfg = Release|Any CPU
		{A3B0098B-A771-4ACA-B69E-D7C6F80BDEFC}.Ad-Hoc|Any CPU.Build.0 = Release|Any CPU
		{A3B0098B-A771-4ACA-B69E-D7C6F80BDEFC}.Ad-Hoc|Any CPU.Deploy.0 = Release|Any CPU
		{A3B0098B-A771-4ACA-B69E-D7C6F80BDEFC}.Ad-Hoc|ARM.ActiveCfg = Release|ARM
		{A3B0098B-A771-4ACA-B69E-D7C6F80BDEFC}.Ad-Hoc|ARM.Build.0 = Release|ARM
		{A3B0098B-A771-4ACA-B69E-D7C6F80BDEFC}.Ad-Hoc|ARM.Deploy.0 = Release|ARM
		{A3B0098B-A771-4ACA-B69E-D7C6F80BDEFC}.Ad-Hoc|iPhone.ActiveCfg = Release|Any CPU
		{A3B0098B-A771-4ACA-B69E-D7C6F80BDEFC}.Ad-Hoc|iPhone.Build.0 = Release|Any CPU
		{A3B0098B-A771-4ACA-B69E-D7C6F80BDEFC}.Ad-Hoc|iPhone.Deploy.0 = Release|Any CPU
		{A3B0098B-A771-4ACA-B69E-D7C6F80BDEFC}.Ad-Hoc|iPhoneSimulator.ActiveCfg = Release|Any CPU
		{A3B0098B-A771-4ACA-B69E-D7C6F80BDEFC}.Ad-Hoc|iPhoneSimulator.Build.0 = Release|Any CPU
		{A3B0098B-A771-4ACA-B69E-D7C6F80BDEFC}.Ad-Hoc|iPhoneSimulator.Deploy.0 = Release|Any CPU
		{A3B0098B-A771-4ACA-B69E-D7C6F80BDEFC}.Ad-Hoc|x64.ActiveCfg = Release|Any CPU
		{A3B0098B-A771-4ACA-B69E-D7C6F80BDEFC}.Ad-Hoc|x64.Build.0 = Release|Any CPU
		{A3B0098B-A771-4ACA-B69E-D7C6F80BDEFC}.Ad-Hoc|x64.Deploy.0 = Release|Any CPU
		{A3B0098B-A771-4ACA-B69E-D7C6F80BDEFC}.Ad-Hoc|x86.ActiveCfg = Release|x86
		{A3B0098B-A771-4ACA-B69E-D7C6F80BDEFC}.Ad-Hoc|x86.Build.0 = Release|x86
		{A3B0098B-A771-4ACA-B69E-D7C6F80BDEFC}.Ad-Hoc|x86.Deploy.0 = Release|x86
		{A3B0098B-A771-4ACA-B69E-D7C6F80BDEFC}.AppStore|Any CPU.ActiveCfg = Release|Any CPU
		{A3B0098B-A771-4ACA-B69E-D7C6F80BDEFC}.AppStore|Any CPU.Build.0 = Release|Any CPU
		{A3B0098B-A771-4ACA-B69E-D7C6F80BDEFC}.AppStore|Any CPU.Deploy.0 = Release|Any CPU
		{A3B0098B-A771-4ACA-B69E-D7C6F80BDEFC}.AppStore|ARM.ActiveCfg = Release|ARM
		{A3B0098B-A771-4ACA-B69E-D7C6F80BDEFC}.AppStore|ARM.Build.0 = Release|ARM
		{A3B0098B-A771-4ACA-B69E-D7C6F80BDEFC}.AppStore|ARM.Deploy.0 = Release|ARM
		{A3B0098B-A771-4ACA-B69E-D7C6F80BDEFC}.AppStore|iPhone.ActiveCfg = Release|Any CPU
		{A3B0098B-A771-4ACA-B69E-D7C6F80BDEFC}.AppStore|iPhone.Build.0 = Release|Any CPU
		{A3B0098B-A771-4ACA-B69E-D7C6F80BDEFC}.AppStore|iPhone.Deploy.0 = Release|Any CPU
		{A3B0098B-A771-4ACA-B69E-D7C6F80BDEFC}.AppStore|iPhoneSimulator.ActiveCfg = Release|Any CPU
		{A3B0098B-A771-4ACA-B69E-D7C6F80BDEFC}.AppStore|iPhoneSimulator.Build.0 = Release|Any CPU
		{A3B0098B-A771-4ACA-B69E-D7C6F80BDEFC}.AppStore|iPhoneSimulator.Deploy.0 = Release|Any CPU
		{A3B0098B-A771-4ACA-B69E-D7C6F80BDEFC}.AppStore|x64.ActiveCfg = Release|Any CPU
		{A3B0098B-A771-4ACA-B69E-D7C6F80BDEFC}.AppStore|x64.Build.0 = Release|Any CPU
		{A3B0098B-A771-4ACA-B69E-D7C6F80BDEFC}.AppStore|x64.Deploy.0 = Release|Any CPU
		{A3B0098B-A771-4ACA-B69E-D7C6F80BDEFC}.AppStore|x86.ActiveCfg = Release|x86
		{A3B0098B-A771-4ACA-B69E-D7C6F80BDEFC}.AppStore|x86.Build.0 = Release|x86
		{A3B0098B-A771-4ACA-B69E-D7C6F80BDEFC}.AppStore|x86.Deploy.0 = Release|x86
		{A3B0098B-A771-4ACA-B69E-D7C6F80BDEFC}.Debug|Any CPU.ActiveCfg = Debug|Any CPU
		{A3B0098B-A771-4ACA-B69E-D7C6F80BDEFC}.Debug|Any CPU.Build.0 = Debug|Any CPU
		{A3B0098B-A771-4ACA-B69E-D7C6F80BDEFC}.Debug|Any CPU.Deploy.0 = Debug|Any CPU
		{A3B0098B-A771-4ACA-B69E-D7C6F80BDEFC}.Debug|ARM.ActiveCfg = Debug|ARM
		{A3B0098B-A771-4ACA-B69E-D7C6F80BDEFC}.Debug|ARM.Build.0 = Debug|ARM
		{A3B0098B-A771-4ACA-B69E-D7C6F80BDEFC}.Debug|ARM.Deploy.0 = Debug|ARM
		{A3B0098B-A771-4ACA-B69E-D7C6F80BDEFC}.Debug|iPhone.ActiveCfg = Debug|Any CPU
		{A3B0098B-A771-4ACA-B69E-D7C6F80BDEFC}.Debug|iPhone.Build.0 = Debug|Any CPU
		{A3B0098B-A771-4ACA-B69E-D7C6F80BDEFC}.Debug|iPhone.Deploy.0 = Debug|Any CPU
		{A3B0098B-A771-4ACA-B69E-D7C6F80BDEFC}.Debug|iPhoneSimulator.ActiveCfg = Debug|Any CPU
		{A3B0098B-A771-4ACA-B69E-D7C6F80BDEFC}.Debug|iPhoneSimulator.Build.0 = Debug|Any CPU
		{A3B0098B-A771-4ACA-B69E-D7C6F80BDEFC}.Debug|iPhoneSimulator.Deploy.0 = Debug|Any CPU
		{A3B0098B-A771-4ACA-B69E-D7C6F80BDEFC}.Debug|x64.ActiveCfg = Debug|Any CPU
		{A3B0098B-A771-4ACA-B69E-D7C6F80BDEFC}.Debug|x64.Build.0 = Debug|Any CPU
		{A3B0098B-A771-4ACA-B69E-D7C6F80BDEFC}.Debug|x64.Deploy.0 = Debug|Any CPU
		{A3B0098B-A771-4ACA-B69E-D7C6F80BDEFC}.Debug|x86.ActiveCfg = Debug|x86
		{A3B0098B-A771-4ACA-B69E-D7C6F80BDEFC}.Debug|x86.Build.0 = Debug|x86
		{A3B0098B-A771-4ACA-B69E-D7C6F80BDEFC}.Debug|x86.Deploy.0 = Debug|x86
		{A3B0098B-A771-4ACA-B69E-D7C6F80BDEFC}.Release|Any CPU.ActiveCfg = Release|Any CPU
		{A3B0098B-A771-4ACA-B69E-D7C6F80BDEFC}.Release|Any CPU.Build.0 = Release|Any CPU
		{A3B0098B-A771-4ACA-B69E-D7C6F80BDEFC}.Release|Any CPU.Deploy.0 = Release|Any CPU
		{A3B0098B-A771-4ACA-B69E-D7C6F80BDEFC}.Release|ARM.ActiveCfg = Release|ARM
		{A3B0098B-A771-4ACA-B69E-D7C6F80BDEFC}.Release|ARM.Build.0 = Release|ARM
		{A3B0098B-A771-4ACA-B69E-D7C6F80BDEFC}.Release|ARM.Deploy.0 = Release|ARM
		{A3B0098B-A771-4ACA-B69E-D7C6F80BDEFC}.Release|iPhone.ActiveCfg = Release|Any CPU
		{A3B0098B-A771-4ACA-B69E-D7C6F80BDEFC}.Release|iPhone.Build.0 = Release|Any CPU
		{A3B0098B-A771-4ACA-B69E-D7C6F80BDEFC}.Release|iPhone.Deploy.0 = Release|Any CPU
		{A3B0098B-A771-4ACA-B69E-D7C6F80BDEFC}.Release|iPhoneSimulator.ActiveCfg = Release|Any CPU
		{A3B0098B-A771-4ACA-B69E-D7C6F80BDEFC}.Release|iPhoneSimulator.Build.0 = Release|Any CPU
		{A3B0098B-A771-4ACA-B69E-D7C6F80BDEFC}.Release|iPhoneSimulator.Deploy.0 = Release|Any CPU
		{A3B0098B-A771-4ACA-B69E-D7C6F80BDEFC}.Release|x64.ActiveCfg = Release|Any CPU
		{A3B0098B-A771-4ACA-B69E-D7C6F80BDEFC}.Release|x64.Build.0 = Release|Any CPU
		{A3B0098B-A771-4ACA-B69E-D7C6F80BDEFC}.Release|x64.Deploy.0 = Release|Any CPU
		{A3B0098B-A771-4ACA-B69E-D7C6F80BDEFC}.Release|x86.ActiveCfg = Release|x86
		{A3B0098B-A771-4ACA-B69E-D7C6F80BDEFC}.Release|x86.Build.0 = Release|x86
		{A3B0098B-A771-4ACA-B69E-D7C6F80BDEFC}.Release|x86.Deploy.0 = Release|x86
		{629CE078-5605-45B7-9665-8323A4931F34}.Ad-Hoc|Any CPU.ActiveCfg = Release|x86
		{629CE078-5605-45B7-9665-8323A4931F34}.Ad-Hoc|Any CPU.Build.0 = Release|x86
		{629CE078-5605-45B7-9665-8323A4931F34}.Ad-Hoc|Any CPU.Deploy.0 = Release|x86
		{629CE078-5605-45B7-9665-8323A4931F34}.Ad-Hoc|ARM.ActiveCfg = Release|ARM
		{629CE078-5605-45B7-9665-8323A4931F34}.Ad-Hoc|ARM.Build.0 = Release|ARM
		{629CE078-5605-45B7-9665-8323A4931F34}.Ad-Hoc|ARM.Deploy.0 = Release|ARM
		{629CE078-5605-45B7-9665-8323A4931F34}.Ad-Hoc|iPhone.ActiveCfg = Release|x86
		{629CE078-5605-45B7-9665-8323A4931F34}.Ad-Hoc|iPhone.Build.0 = Release|x86
		{629CE078-5605-45B7-9665-8323A4931F34}.Ad-Hoc|iPhone.Deploy.0 = Release|x86
		{629CE078-5605-45B7-9665-8323A4931F34}.Ad-Hoc|iPhoneSimulator.ActiveCfg = Release|x86
		{629CE078-5605-45B7-9665-8323A4931F34}.Ad-Hoc|iPhoneSimulator.Build.0 = Release|x86
		{629CE078-5605-45B7-9665-8323A4931F34}.Ad-Hoc|iPhoneSimulator.Deploy.0 = Release|x86
		{629CE078-5605-45B7-9665-8323A4931F34}.Ad-Hoc|x64.ActiveCfg = Release|x64
		{629CE078-5605-45B7-9665-8323A4931F34}.Ad-Hoc|x64.Build.0 = Release|x64
		{629CE078-5605-45B7-9665-8323A4931F34}.Ad-Hoc|x64.Deploy.0 = Release|x64
		{629CE078-5605-45B7-9665-8323A4931F34}.Ad-Hoc|x86.ActiveCfg = Release|x86
		{629CE078-5605-45B7-9665-8323A4931F34}.Ad-Hoc|x86.Build.0 = Release|x86
		{629CE078-5605-45B7-9665-8323A4931F34}.Ad-Hoc|x86.Deploy.0 = Release|x86
		{629CE078-5605-45B7-9665-8323A4931F34}.AppStore|Any CPU.ActiveCfg = Release|x86
		{629CE078-5605-45B7-9665-8323A4931F34}.AppStore|Any CPU.Build.0 = Release|x86
		{629CE078-5605-45B7-9665-8323A4931F34}.AppStore|Any CPU.Deploy.0 = Release|x86
		{629CE078-5605-45B7-9665-8323A4931F34}.AppStore|ARM.ActiveCfg = Release|ARM
		{629CE078-5605-45B7-9665-8323A4931F34}.AppStore|ARM.Build.0 = Release|ARM
		{629CE078-5605-45B7-9665-8323A4931F34}.AppStore|ARM.Deploy.0 = Release|ARM
		{629CE078-5605-45B7-9665-8323A4931F34}.AppStore|iPhone.ActiveCfg = Release|x86
		{629CE078-5605-45B7-9665-8323A4931F34}.AppStore|iPhone.Build.0 = Release|x86
		{629CE078-5605-45B7-9665-8323A4931F34}.AppStore|iPhone.Deploy.0 = Release|x86
		{629CE078-5605-45B7-9665-8323A4931F34}.AppStore|iPhoneSimulator.ActiveCfg = Release|x86
		{629CE078-5605-45B7-9665-8323A4931F34}.AppStore|iPhoneSimulator.Build.0 = Release|x86
		{629CE078-5605-45B7-9665-8323A4931F34}.AppStore|iPhoneSimulator.Deploy.0 = Release|x86
		{629CE078-5605-45B7-9665-8323A4931F34}.AppStore|x64.ActiveCfg = Release|x64
		{629CE078-5605-45B7-9665-8323A4931F34}.AppStore|x64.Build.0 = Release|x64
		{629CE078-5605-45B7-9665-8323A4931F34}.AppStore|x64.Deploy.0 = Release|x64
		{629CE078-5605-45B7-9665-8323A4931F34}.AppStore|x86.ActiveCfg = Release|x86
		{629CE078-5605-45B7-9665-8323A4931F34}.AppStore|x86.Build.0 = Release|x86
		{629CE078-5605-45B7-9665-8323A4931F34}.AppStore|x86.Deploy.0 = Release|x86
		{629CE078-5605-45B7-9665-8323A4931F34}.Debug|Any CPU.ActiveCfg = Debug|x86
		{629CE078-5605-45B7-9665-8323A4931F34}.Debug|ARM.ActiveCfg = Debug|ARM
		{629CE078-5605-45B7-9665-8323A4931F34}.Debug|ARM.Build.0 = Debug|ARM
		{629CE078-5605-45B7-9665-8323A4931F34}.Debug|ARM.Deploy.0 = Debug|ARM
		{629CE078-5605-45B7-9665-8323A4931F34}.Debug|iPhone.ActiveCfg = Debug|x86
		{629CE078-5605-45B7-9665-8323A4931F34}.Debug|iPhoneSimulator.ActiveCfg = Debug|x86
		{629CE078-5605-45B7-9665-8323A4931F34}.Debug|x64.ActiveCfg = Debug|x64
		{629CE078-5605-45B7-9665-8323A4931F34}.Debug|x64.Build.0 = Debug|x64
		{629CE078-5605-45B7-9665-8323A4931F34}.Debug|x64.Deploy.0 = Debug|x64
		{629CE078-5605-45B7-9665-8323A4931F34}.Debug|x86.ActiveCfg = Debug|x86
		{629CE078-5605-45B7-9665-8323A4931F34}.Debug|x86.Build.0 = Debug|x86
		{629CE078-5605-45B7-9665-8323A4931F34}.Debug|x86.Deploy.0 = Debug|x86
		{629CE078-5605-45B7-9665-8323A4931F34}.Release|Any CPU.ActiveCfg = Release|x86
		{629CE078-5605-45B7-9665-8323A4931F34}.Release|ARM.ActiveCfg = Release|ARM
		{629CE078-5605-45B7-9665-8323A4931F34}.Release|ARM.Build.0 = Release|ARM
		{629CE078-5605-45B7-9665-8323A4931F34}.Release|ARM.Deploy.0 = Release|ARM
		{629CE078-5605-45B7-9665-8323A4931F34}.Release|iPhone.ActiveCfg = Release|x86
		{629CE078-5605-45B7-9665-8323A4931F34}.Release|iPhoneSimulator.ActiveCfg = Release|x86
		{629CE078-5605-45B7-9665-8323A4931F34}.Release|x64.ActiveCfg = Release|x64
		{629CE078-5605-45B7-9665-8323A4931F34}.Release|x64.Build.0 = Release|x64
		{629CE078-5605-45B7-9665-8323A4931F34}.Release|x64.Deploy.0 = Release|x64
		{629CE078-5605-45B7-9665-8323A4931F34}.Release|x86.ActiveCfg = Release|x86
		{629CE078-5605-45B7-9665-8323A4931F34}.Release|x86.Build.0 = Release|x86
		{629CE078-5605-45B7-9665-8323A4931F34}.Release|x86.Deploy.0 = Release|x86
		{4C8915F4-1782-4BD5-A303-FEA73A28B5EE}.Ad-Hoc|Any CPU.ActiveCfg = Release|Any CPU
		{4C8915F4-1782-4BD5-A303-FEA73A28B5EE}.Ad-Hoc|Any CPU.Build.0 = Release|Any CPU
		{4C8915F4-1782-4BD5-A303-FEA73A28B5EE}.Ad-Hoc|Any CPU.Deploy.0 = Release|Any CPU
		{4C8915F4-1782-4BD5-A303-FEA73A28B5EE}.Ad-Hoc|ARM.ActiveCfg = Release|ARM
		{4C8915F4-1782-4BD5-A303-FEA73A28B5EE}.Ad-Hoc|ARM.Build.0 = Release|ARM
		{4C8915F4-1782-4BD5-A303-FEA73A28B5EE}.Ad-Hoc|ARM.Deploy.0 = Release|ARM
		{4C8915F4-1782-4BD5-A303-FEA73A28B5EE}.Ad-Hoc|iPhone.ActiveCfg = Release|Any CPU
		{4C8915F4-1782-4BD5-A303-FEA73A28B5EE}.Ad-Hoc|iPhone.Build.0 = Release|Any CPU
		{4C8915F4-1782-4BD5-A303-FEA73A28B5EE}.Ad-Hoc|iPhone.Deploy.0 = Release|Any CPU
		{4C8915F4-1782-4BD5-A303-FEA73A28B5EE}.Ad-Hoc|iPhoneSimulator.ActiveCfg = Release|Any CPU
		{4C8915F4-1782-4BD5-A303-FEA73A28B5EE}.Ad-Hoc|iPhoneSimulator.Build.0 = Release|Any CPU
		{4C8915F4-1782-4BD5-A303-FEA73A28B5EE}.Ad-Hoc|iPhoneSimulator.Deploy.0 = Release|Any CPU
		{4C8915F4-1782-4BD5-A303-FEA73A28B5EE}.Ad-Hoc|x64.ActiveCfg = Release|x64
		{4C8915F4-1782-4BD5-A303-FEA73A28B5EE}.Ad-Hoc|x64.Build.0 = Release|x64
		{4C8915F4-1782-4BD5-A303-FEA73A28B5EE}.Ad-Hoc|x64.Deploy.0 = Release|x64
		{4C8915F4-1782-4BD5-A303-FEA73A28B5EE}.Ad-Hoc|x86.ActiveCfg = Release|x86
		{4C8915F4-1782-4BD5-A303-FEA73A28B5EE}.Ad-Hoc|x86.Build.0 = Release|x86
		{4C8915F4-1782-4BD5-A303-FEA73A28B5EE}.Ad-Hoc|x86.Deploy.0 = Release|x86
		{4C8915F4-1782-4BD5-A303-FEA73A28B5EE}.AppStore|Any CPU.ActiveCfg = Release|Any CPU
		{4C8915F4-1782-4BD5-A303-FEA73A28B5EE}.AppStore|Any CPU.Build.0 = Release|Any CPU
		{4C8915F4-1782-4BD5-A303-FEA73A28B5EE}.AppStore|Any CPU.Deploy.0 = Release|Any CPU
		{4C8915F4-1782-4BD5-A303-FEA73A28B5EE}.AppStore|ARM.ActiveCfg = Release|ARM
		{4C8915F4-1782-4BD5-A303-FEA73A28B5EE}.AppStore|ARM.Build.0 = Release|ARM
		{4C8915F4-1782-4BD5-A303-FEA73A28B5EE}.AppStore|ARM.Deploy.0 = Release|ARM
		{4C8915F4-1782-4BD5-A303-FEA73A28B5EE}.AppStore|iPhone.ActiveCfg = Release|Any CPU
		{4C8915F4-1782-4BD5-A303-FEA73A28B5EE}.AppStore|iPhone.Build.0 = Release|Any CPU
		{4C8915F4-1782-4BD5-A303-FEA73A28B5EE}.AppStore|iPhone.Deploy.0 = Release|Any CPU
		{4C8915F4-1782-4BD5-A303-FEA73A28B5EE}.AppStore|iPhoneSimulator.ActiveCfg = Release|Any CPU
		{4C8915F4-1782-4BD5-A303-FEA73A28B5EE}.AppStore|iPhoneSimulator.Build.0 = Release|Any CPU
		{4C8915F4-1782-4BD5-A303-FEA73A28B5EE}.AppStore|iPhoneSimulator.Deploy.0 = Release|Any CPU
		{4C8915F4-1782-4BD5-A303-FEA73A28B5EE}.AppStore|x64.ActiveCfg = Release|x64
		{4C8915F4-1782-4BD5-A303-FEA73A28B5EE}.AppStore|x64.Build.0 = Release|x64
		{4C8915F4-1782-4BD5-A303-FEA73A28B5EE}.AppStore|x64.Deploy.0 = Release|x64
		{4C8915F4-1782-4BD5-A303-FEA73A28B5EE}.AppStore|x86.ActiveCfg = Release|x86
		{4C8915F4-1782-4BD5-A303-FEA73A28B5EE}.AppStore|x86.Build.0 = Release|x86
		{4C8915F4-1782-4BD5-A303-FEA73A28B5EE}.AppStore|x86.Deploy.0 = Release|x86
		{4C8915F4-1782-4BD5-A303-FEA73A28B5EE}.Debug|Any CPU.ActiveCfg = Debug|Any CPU
		{4C8915F4-1782-4BD5-A303-FEA73A28B5EE}.Debug|Any CPU.Build.0 = Debug|Any CPU
		{4C8915F4-1782-4BD5-A303-FEA73A28B5EE}.Debug|Any CPU.Deploy.0 = Debug|Any CPU
		{4C8915F4-1782-4BD5-A303-FEA73A28B5EE}.Debug|ARM.ActiveCfg = Debug|ARM
		{4C8915F4-1782-4BD5-A303-FEA73A28B5EE}.Debug|ARM.Build.0 = Debug|ARM
		{4C8915F4-1782-4BD5-A303-FEA73A28B5EE}.Debug|ARM.Deploy.0 = Debug|ARM
		{4C8915F4-1782-4BD5-A303-FEA73A28B5EE}.Debug|iPhone.ActiveCfg = Debug|Any CPU
		{4C8915F4-1782-4BD5-A303-FEA73A28B5EE}.Debug|iPhone.Build.0 = Debug|Any CPU
		{4C8915F4-1782-4BD5-A303-FEA73A28B5EE}.Debug|iPhone.Deploy.0 = Debug|Any CPU
		{4C8915F4-1782-4BD5-A303-FEA73A28B5EE}.Debug|iPhoneSimulator.ActiveCfg = Debug|Any CPU
		{4C8915F4-1782-4BD5-A303-FEA73A28B5EE}.Debug|iPhoneSimulator.Build.0 = Debug|Any CPU
		{4C8915F4-1782-4BD5-A303-FEA73A28B5EE}.Debug|iPhoneSimulator.Deploy.0 = Debug|Any CPU
		{4C8915F4-1782-4BD5-A303-FEA73A28B5EE}.Debug|x64.ActiveCfg = Debug|x64
		{4C8915F4-1782-4BD5-A303-FEA73A28B5EE}.Debug|x64.Build.0 = Debug|x64
		{4C8915F4-1782-4BD5-A303-FEA73A28B5EE}.Debug|x64.Deploy.0 = Debug|x64
		{4C8915F4-1782-4BD5-A303-FEA73A28B5EE}.Debug|x86.ActiveCfg = Debug|x86
		{4C8915F4-1782-4BD5-A303-FEA73A28B5EE}.Debug|x86.Build.0 = Debug|x86
		{4C8915F4-1782-4BD5-A303-FEA73A28B5EE}.Debug|x86.Deploy.0 = Debug|x86
		{4C8915F4-1782-4BD5-A303-FEA73A28B5EE}.Release|Any CPU.ActiveCfg = Release|Any CPU
		{4C8915F4-1782-4BD5-A303-FEA73A28B5EE}.Release|Any CPU.Build.0 = Release|Any CPU
		{4C8915F4-1782-4BD5-A303-FEA73A28B5EE}.Release|Any CPU.Deploy.0 = Release|Any CPU
		{4C8915F4-1782-4BD5-A303-FEA73A28B5EE}.Release|ARM.ActiveCfg = Release|ARM
		{4C8915F4-1782-4BD5-A303-FEA73A28B5EE}.Release|ARM.Build.0 = Release|ARM
		{4C8915F4-1782-4BD5-A303-FEA73A28B5EE}.Release|ARM.Deploy.0 = Release|ARM
		{4C8915F4-1782-4BD5-A303-FEA73A28B5EE}.Release|iPhone.ActiveCfg = Release|Any CPU
		{4C8915F4-1782-4BD5-A303-FEA73A28B5EE}.Release|iPhone.Build.0 = Release|Any CPU
		{4C8915F4-1782-4BD5-A303-FEA73A28B5EE}.Release|iPhone.Deploy.0 = Release|Any CPU
		{4C8915F4-1782-4BD5-A303-FEA73A28B5EE}.Release|iPhoneSimulator.ActiveCfg = Release|Any CPU
		{4C8915F4-1782-4BD5-A303-FEA73A28B5EE}.Release|iPhoneSimulator.Build.0 = Release|Any CPU
		{4C8915F4-1782-4BD5-A303-FEA73A28B5EE}.Release|iPhoneSimulator.Deploy.0 = Release|Any CPU
		{4C8915F4-1782-4BD5-A303-FEA73A28B5EE}.Release|x64.ActiveCfg = Release|x64
		{4C8915F4-1782-4BD5-A303-FEA73A28B5EE}.Release|x64.Build.0 = Release|x64
		{4C8915F4-1782-4BD5-A303-FEA73A28B5EE}.Release|x64.Deploy.0 = Release|x64
		{4C8915F4-1782-4BD5-A303-FEA73A28B5EE}.Release|x86.ActiveCfg = Release|x86
		{4C8915F4-1782-4BD5-A303-FEA73A28B5EE}.Release|x86.Build.0 = Release|x86
		{4C8915F4-1782-4BD5-A303-FEA73A28B5EE}.Release|x86.Deploy.0 = Release|x86
	EndGlobalSection
	GlobalSection(SolutionProperties) = preSolution
		HideSolutionNode = FALSE
	EndGlobalSection
EndGlobal
